
Microsoft Visual Studio Solution File, Format Version 12.00
# Visual Studio Version 17
VisualStudioVersion = 17.5.33414.496
MinimumVisualStudioVersion = 10.0.40219.1
Project("{8BC9CEB8-8B4A-11D0-8D11-00A0C91BC942}") = "XCHG", "XCHG.vcxproj", "{51E37F4A-23EC-44CC-B8BD-DC6243A70885}"
EndProject
Global
	GlobalSection(SolutionConfigurationPlatforms) = preSolution
		Debug|x64 = Debug|x64
		Debug|x86 = Debug|x86
		Release|x64 = Release|x64
		Release|x86 = Release|x86
	EndGlobalSection
	GlobalSection(ProjectConfigurationPlatforms) = postSolution
		{51E37F4A-23EC-44CC-B8BD-DC6243A70885}.Debug|x64.ActiveCfg = Debug|x64
		{51E37F4A-23EC-44CC-B8BD-DC6243A70885}.Debug|x64.Build.0 = Debug|x64
		{51E37F4A-23EC-44CC-B8BD-DC6243A70885}.Debug|x86.ActiveCfg = Debug|Win32
		{51E37F4A-23EC-44CC-B8BD-DC6243A70885}.Debug|x86.Build.0 = Debug|Win32
		{51E37F4A-23EC-44CC-B8BD-DC6243A70885}.Release|x64.ActiveCfg = Release|x64
		{51E37F4A-23EC-44CC-B8BD-DC6243A70885}.Release|x64.Build.0 = Release|x64
		{51E37F4A-23EC-44CC-B8BD-DC6243A70885}.Release|x86.ActiveCfg = Release|Win32
		{51E37F4A-23EC-44CC-B8BD-DC6243A70885}.Release|x86.Build.0 = Release|Win32
	EndGlobalSection
	GlobalSection(SolutionProperties) = preSolution
		HideSolutionNode = FALSE
	EndGlobalSection
	GlobalSection(ExtensibilityGlobals) = postSolution
		SolutionGuid = {CBA94647-E930-4275-9E5B-E89A804FC8D2}
	EndGlobalSection
EndGlobal
